github.com/clipperhouse/stringish v0.1.1 h1:+NSqMOr3GR6k1FdRhhnXrLfztGzuG+VuFDfatpWHKCs=
github.com/clipperhouse/uax29/v2 v2.5.0 h1:x7T0T4eTHDONxFJsL94uKNKPHrclyFI0lm7+w94cO8U=
github.com/fatih/color v1.15.0 h1:kOqh6YHBtK8aywxGerMG2Eq3H6Qgoqeo13Bk2Mv/nBs=
github.com/fatih/color v1.15.0/go.mod h1:0h5ZqXfHYED7Bhv2ZJamyIOUej9KtShiJESRwBDUSsw=
github.com/mattn/go-colorable v0.1.13 h1:fFA4WZxdEF4tXPZVKMLwD8oUnCTTo08duU7wxecdEvA=
github.com/mattn/go-colorable v0.1.13/go.mod h1:7S9/ev0klgBDR4GtXTXX8a3vIGJpMovkB8vQcUbaXHg=
github.com/mattn/go-isatty v0.0.16/go.mod h1:kYGgaQfpe5nmfYZH+SKPsOc2e4SrIfOl2e/yFXSvRLM=
github.com/mattn/go-isatty v0.0.20 h1:xfD0iDuEKnDkl03q4limB+vH+GxLEtL/jb4xVJSWWEY=
github.com/mattn/go-runewidth v0.0.19 h1:v++JhqYnZuu5jSKrk9RbgF5v4CGUjqRfBm05byFGLdw=
github.com/olekukonko/errors v1.1.0 h1:RNuGIh15QdDenh+hNvKrJkmxxjV4hcS50Db478Ou5sM=
github.com/olekukonko/errors v1.1.0/go.mod h1:ppzxA5jBKcO1vIpCXQ9ZqgDh8iwODz6OXIGKU8r5m4Y=
github.com/olekukonko/ll v0.0.9 h1:Y+1YqDfVkqMWuEQMclsF9HUR5+a82+dxJuL1HHSRpxI=
github.com/olekukonko/ll v0.0.9/go.mod h1:En+sEW0JNETl26+K8eZ6/W4UQ7CYSrrgg/EdIYT2H8g=
github.com/olekukonko/tablewriter v1.0.9 h1:XGwRsYLC2bY7bNd93Dk51bcPZksWZmLYuaTHR0FqfL8=
github.com/olekukonko/tablewriter v1.0.9/go.mod h1:5c+EBPeSqvXnLLgkm9isDdzR3wjfBkHR9Nhfp3NWrzo=
github.com/rivo/uniseg v0.4.7 h1:WUdvkW8uEhrYfLC4ZzdpI2ztxP1I582+49Oc5Mq64VQ=
golang.org/x/sys v0.0.0-20220811171246-fbc7d0a398ab/go.mod h1:oPkhp1MJrh7nUepCBck5+mAzfO9JrbApNNgaTdGDITg=
golang.org/x/sys v0.6.0/go.mod h1:oPkhp1MJrh7nUepCBck5+mAzfO9JrbApNNgaTdGDITg=
golang.org/x/sys v0.43.0 h1:Rlag2XtaFTxp19wS8MXlJwTvoh8ArU6ezoyFsMyCTNI=
